
Microsoft Visual Studio Solution File, Format Version 12.00
# Visual Studio 15
VisualStudioVersion = 15.0.27703.2042
MinimumVisualStudioVersion = 10.0.40219.1
Project("{2150E333-8FDC-42A3-9474-1A3956D46DE8}") = "Solution Items", "Solution Items", "{57B7B5ED-5C3D-464D-B67C-7623BBBA8AC0}"
	ProjectSection(SolutionItems) = preProject
		.travis.yml = .travis.yml
		Local.testsettings = Local.testsettings
		README.md = README.md
		TraceAndTestImpact.testsettings = TraceAndTestImpact.testsettings
	EndProjectSection
EndProject
Project("{2150E333-8FDC-42A3-9474-1A3956D46DE8}") = "Tests", "Tests", "{54C5B25A-2D9B-4189-8DFA-CFF39BFACE09}"
EndProject
Project("{2150E333-8FDC-42A3-9474-1A3956D46DE8}") = "Source", "Source", "{FC1769FD-76F2-40B7-9FA3-AC3E2F24D8B2}"
EndProject
Project("{9A19103F-16F7-4668-BE54-9A1E7A4F7556}") = "X12.Core.X12Parser", "src\X12.Core.X12Parser\X12.Core.X12Parser.csproj", "{2410523F-3946-48F3-9F32-0BB7A7AD4CAE}"
EndProject
Project("{9A19103F-16F7-4668-BE54-9A1E7A4F7556}") = "X12.Core.Shared", "src\X12.Core.Shared\X12.Core.Shared.csproj", "{FE2C87C0-026C-437B-85EB-234F522AE186}"
EndProject
Project("{9A19103F-16F7-4668-BE54-9A1E7A4F7556}") = "X12.Core.Specifications", "src\X12.Core.Specifications\X12.Core.Specifications.csproj", "{3AC5D1CF-B7B2-432E-9B7B-13ACF02045EB}"
EndProject
Project("{9A19103F-16F7-4668-BE54-9A1E7A4F7556}") = "X12.Core.Parsing", "src\X12.Core.Parsing\X12.Core.Parsing.csproj", "{DB7A4BE2-CCA1-437A-9F1D-BEB6FF86B604}"
EndProject
Project("{9A19103F-16F7-4668-BE54-9A1E7A4F7556}") = "X12.Core.Transformations", "src\X12.Core.Transformations\X12.Core.Transformations.csproj", "{2AACF39F-16B5-4568-9EBD-211D1447A02E}"
EndProject
Project("{9A19103F-16F7-4668-BE54-9A1E7A4F7556}") = "X12.Core.UnbundleX12", "src\X12.Core.UnbundleX12\X12.Core.UnbundleX12.csproj", "{901D44DB-CCD8-46EA-87B1-219EDC133822}"
EndProject
Project("{9A19103F-16F7-4668-BE54-9A1E7A4F7556}") = "X12.Core.Validation", "src\X12.Core.Validation\X12.Core.Validation.csproj", "{3B2180CD-2E47-4F17-AFE7-4B6286928B27}"
EndProject
Project("{9A19103F-16F7-4668-BE54-9A1E7A4F7556}") = "X12.Core.AcknowledgeX12", "src\X12.Core.AcknowledgeX12\X12.Core.AcknowledgeX12.csproj", "{471146F1-072C-4A0F-A0E5-5057F6608153}"
EndProject
Project("{9A19103F-16F7-4668-BE54-9A1E7A4F7556}") = "X12.Core.Hipaa", "src\X12.Core.Hipaa\X12.Core.Hipaa.csproj", "{E2BBF31E-FFCB-4798-9A87-54190158D1A8}"
EndProject
Project("{9A19103F-16F7-4668-BE54-9A1E7A4F7556}") = "X12.Core.Sql", "src\X12.Core.Sql\X12.Core.Sql.csproj", "{D0F33438-3C10-41D9-A0D8-4C9DE7D74CB5}"
EndProject
Project("{9A19103F-16F7-4668-BE54-9A1E7A4F7556}") = "X12.Core.Hipaa.ClaimParser", "src\X12.Core.Hipaa.ClaimParser\X12.Core.Hipaa.ClaimParser.csproj", "{7F630690-834C-4865-8DFF-D8710F2EF3FB}"
EndProject
Project("{9A19103F-16F7-4668-BE54-9A1E7A4F7556}") = "X12.Core.Hipaa.Tests.Unit", "tests\X12.Core.Hipaa.Tests.Unit\X12.Core.Hipaa.Tests.Unit.csproj", "{F237599E-FC81-4319-BCEB-C913FB5FB1B9}"
EndProject
Project("{9A19103F-16F7-4668-BE54-9A1E7A4F7556}") = "X12.Core.ImportX12", "src\X12.Core.ImportX12\X12.Core.ImportX12.csproj", "{8EEF9891-574F-48E6-A408-3EADA3A5F083}"
EndProject
Project("{9A19103F-16F7-4668-BE54-9A1E7A4F7556}") = "X12.Core.Tests.Unit", "tests\X12.Core.Tests.Unit\X12.Core.Tests.Unit.csproj", "{912EA482-0C82-41C6-8337-90C4BC59EA52}"
EndProject
Project("{9A19103F-16F7-4668-BE54-9A1E7A4F7556}") = "X12.Core.TransformToX12", "src\X12.Core.TransformToX12\X12.Core.TransformToX12.csproj", "{5F075035-18D0-45A0-9FBD-C97F56EC72A1}"
EndProject
Project("{9A19103F-16F7-4668-BE54-9A1E7A4F7556}") = "X12.Core.Tests.Integration", "tests\X12.Core.Tests.Integration\X12.Core.Tests.Integration.csproj", "{9CA1B577-5D43-4EC7-AB0A-9094B4CE0A13}"
EndProject
Project("{FAE04EC0-301F-11D3-BF4B-00C04F79EFBC}") = "X12.Core.Validation.Tests.Unit", "tests\X12.Core.Validation.Tests.Unit\X12.Core.Validation.Tests.Unit.csproj", "{AF93309E-5C63-4BEF-AD7B-4036BA301233}"
EndProject
Global
	GlobalSection(SolutionConfigurationPlatforms) = preSolution
		Debug|Any CPU = Debug|Any CPU
		Debug|Mixed Platforms = Debug|Mixed Platforms
		Debug|x86 = Debug|x86
		Release|Any CPU = Release|Any CPU
		Release|Mixed Platforms = Release|Mixed Platforms
		Release|x86 = Release|x86
	EndGlobalSection
	GlobalSection(ProjectConfigurationPlatforms) = postSolution
		{2410523F-3946-48F3-9F32-0BB7A7AD4CAE}.Debug|Any CPU.ActiveCfg = Debug|Any CPU
		{2410523F-3946-48F3-9F32-0BB7A7AD4CAE}.Debug|Any CPU.Build.0 = Debug|Any CPU
		{2410523F-3946-48F3-9F32-0BB7A7AD4CAE}.Debug|Mixed Platforms.ActiveCfg = Debug|Any CPU
		{2410523F-3946-48F3-9F32-0BB7A7AD4CAE}.Debug|Mixed Platforms.Build.0 = Debug|Any CPU
		{2410523F-3946-48F3-9F32-0BB7A7AD4CAE}.Debug|x86.ActiveCfg = Debug|Any CPU
		{2410523F-3946-48F3-9F32-0BB7A7AD4CAE}.Debug|x86.Build.0 = Debug|Any CPU
		{2410523F-3946-48F3-9F32-0BB7A7AD4CAE}.Release|Any CPU.ActiveCfg = Release|Any CPU
		{2410523F-3946-48F3-9F32-0BB7A7AD4CAE}.Release|Any CPU.Build.0 = Release|Any CPU
		{2410523F-3946-48F3-9F32-0BB7A7AD4CAE}.Release|Mixed Platforms.ActiveCfg = Release|Any CPU
		{2410523F-3946-48F3-9F32-0BB7A7AD4CAE}.Release|Mixed Platforms.Build.0 = Release|Any CPU
		{2410523F-3946-48F3-9F32-0BB7A7AD4CAE}.Release|x86.ActiveCfg = Release|Any CPU
		{2410523F-3946-48F3-9F32-0BB7A7AD4CAE}.Release|x86.Build.0 = Release|Any CPU
		{FE2C87C0-026C-437B-85EB-234F522AE186}.Debug|Any CPU.ActiveCfg = Debug|Any CPU
		{FE2C87C0-026C-437B-85EB-234F522AE186}.Debug|Any CPU.Build.0 = Debug|Any CPU
		{FE2C87C0-026C-437B-85EB-234F522AE186}.Debug|Mixed Platforms.ActiveCfg = Debug|Any CPU
		{FE2C87C0-026C-437B-85EB-234F522AE186}.Debug|Mixed Platforms.Build.0 = Debug|Any CPU
		{FE2C87C0-026C-437B-85EB-234F522AE186}.Debug|x86.ActiveCfg = Debug|Any CPU
		{FE2C87C0-026C-437B-85EB-234F522AE186}.Debug|x86.Build.0 = Debug|Any CPU
		{FE2C87C0-026C-437B-85EB-234F522AE186}.Release|Any CPU.ActiveCfg = Release|Any CPU
		{FE2C87C0-026C-437B-85EB-234F522AE186}.Release|Any CPU.Build.0 = Release|Any CPU
		{FE2C87C0-026C-437B-85EB-234F522AE186}.Release|Mixed Platforms.ActiveCfg = Release|Any CPU
		{FE2C87C0-026C-437B-85EB-234F522AE186}.Release|Mixed Platforms.Build.0 = Release|Any CPU
		{FE2C87C0-026C-437B-85EB-234F522AE186}.Release|x86.ActiveCfg = Release|Any CPU
		{FE2C87C0-026C-437B-85EB-234F522AE186}.Release|x86.Build.0 = Release|Any CPU
		{3AC5D1CF-B7B2-432E-9B7B-13ACF02045EB}.Debug|Any CPU.ActiveCfg = Debug|Any CPU
		{3AC5D1CF-B7B2-432E-9B7B-13ACF02045EB}.Debug|Any CPU.Build.0 = Debug|Any CPU
		{3AC5D1CF-B7B2-432E-9B7B-13ACF02045EB}.Debug|Mixed Platforms.ActiveCfg = Debug|Any CPU
		{3AC5D1CF-B7B2-432E-9B7B-13ACF02045EB}.Debug|Mixed Platforms.Build.0 = Debug|Any CPU
		{3AC5D1CF-B7B2-432E-9B7B-13ACF02045EB}.Debug|x86.ActiveCfg = Debug|Any CPU
		{3AC5D1CF-B7B2-432E-9B7B-13ACF02045EB}.Debug|x86.Build.0 = Debug|Any CPU
		{3AC5D1CF-B7B2-432E-9B7B-13ACF02045EB}.Release|Any CPU.ActiveCfg = Release|Any CPU
		{3AC5D1CF-B7B2-432E-9B7B-13ACF02045EB}.Release|Any CPU.Build.0 = Release|Any CPU
		{3AC5D1CF-B7B2-432E-9B7B-13ACF02045EB}.Release|Mixed Platforms.ActiveCfg = Release|Any CPU
		{3AC5D1CF-B7B2-432E-9B7B-13ACF02045EB}.Release|Mixed Platforms.Build.0 = Release|Any CPU
		{3AC5D1CF-B7B2-432E-9B7B-13ACF02045EB}.Release|x86.ActiveCfg = Release|Any CPU
		{3AC5D1CF-B7B2-432E-9B7B-13ACF02045EB}.Release|x86.Build.0 = Release|Any CPU
		{DB7A4BE2-CCA1-437A-9F1D-BEB6FF86B604}.Debug|Any CPU.ActiveCfg = Debug|Any CPU
		{DB7A4BE2-CCA1-437A-9F1D-BEB6FF86B604}.Debug|Any CPU.Build.0 = Debug|Any CPU
		{DB7A4BE2-CCA1-437A-9F1D-BEB6FF86B604}.Debug|Mixed Platforms.ActiveCfg = Debug|Any CPU
		{DB7A4BE2-CCA1-437A-9F1D-BEB6FF86B604}.Debug|Mixed Platforms.Build.0 = Debug|Any CPU
		{DB7A4BE2-CCA1-437A-9F1D-BEB6FF86B604}.Debug|x86.ActiveCfg = Debug|Any CPU
		{DB7A4BE2-CCA1-437A-9F1D-BEB6FF86B604}.Debug|x86.Build.0 = Debug|Any CPU
		{DB7A4BE2-CCA1-437A-9F1D-BEB6FF86B604}.Release|Any CPU.ActiveCfg = Release|Any CPU
		{DB7A4BE2-CCA1-437A-9F1D-BEB6FF86B604}.Release|Any CPU.Build.0 = Release|Any CPU
		{DB7A4BE2-CCA1-437A-9F1D-BEB6FF86B604}.Release|Mixed Platforms.ActiveCfg = Release|Any CPU
		{DB7A4BE2-CCA1-437A-9F1D-BEB6FF86B604}.Release|Mixed Platforms.Build.0 = Release|Any CPU
		{DB7A4BE2-CCA1-437A-9F1D-BEB6FF86B604}.Release|x86.ActiveCfg = Release|Any CPU
		{DB7A4BE2-CCA1-437A-9F1D-BEB6FF86B604}.Release|x86.Build.0 = Release|Any CPU
		{2AACF39F-16B5-4568-9EBD-211D1447A02E}.Debug|Any CPU.ActiveCfg = Debug|Any CPU
		{2AACF39F-16B5-4568-9EBD-211D1447A02E}.Debug|Any CPU.Build.0 = Debug|Any CPU
		{2AACF39F-16B5-4568-9EBD-211D1447A02E}.Debug|Mixed Platforms.ActiveCfg = Debug|Any CPU
		{2AACF39F-16B5-4568-9EBD-211D1447A02E}.Debug|Mixed Platforms.Build.0 = Debug|Any CPU
		{2AACF39F-16B5-4568-9EBD-211D1447A02E}.Debug|x86.ActiveCfg = Debug|Any CPU
		{2AACF39F-16B5-4568-9EBD-211D1447A02E}.Debug|x86.Build.0 = Debug|Any CPU
		{2AACF39F-16B5-4568-9EBD-211D1447A02E}.Release|Any CPU.ActiveCfg = Release|Any CPU
		{2AACF39F-16B5-4568-9EBD-211D1447A02E}.Release|Any CPU.Build.0 = Release|Any CPU
		{2AACF39F-16B5-4568-9EBD-211D1447A02E}.Release|Mixed Platforms.ActiveCfg = Release|Any CPU
		{2AACF39F-16B5-4568-9EBD-211D1447A02E}.Release|Mixed Platforms.Build.0 = Release|Any CPU
		{2AACF39F-16B5-4568-9EBD-211D1447A02E}.Release|x86.ActiveCfg = Release|Any CPU
		{2AACF39F-16B5-4568-9EBD-211D1447A02E}.Release|x86.Build.0 = Release|Any CPU
		{901D44DB-CCD8-46EA-87B1-219EDC133822}.Debug|Any CPU.ActiveCfg = Debug|Any CPU
		{901D44DB-CCD8-46EA-87B1-219EDC133822}.Debug|Any CPU.Build.0 = Debug|Any CPU
		{901D44DB-CCD8-46EA-87B1-219EDC133822}.Debug|Mixed Platforms.ActiveCfg = Debug|Any CPU
		{901D44DB-CCD8-46EA-87B1-219EDC133822}.Debug|Mixed Platforms.Build.0 = Debug|Any CPU
		{901D44DB-CCD8-46EA-87B1-219EDC133822}.Debug|x86.ActiveCfg = Debug|Any CPU
		{901D44DB-CCD8-46EA-87B1-219EDC133822}.Debug|x86.Build.0 = Debug|Any CPU
		{901D44DB-CCD8-46EA-87B1-219EDC133822}.Release|Any CPU.ActiveCfg = Release|Any CPU
		{901D44DB-CCD8-46EA-87B1-219EDC133822}.Release|Any CPU.Build.0 = Release|Any CPU
		{901D44DB-CCD8-46EA-87B1-219EDC133822}.Release|Mixed Platforms.ActiveCfg = Release|Any CPU
		{901D44DB-CCD8-46EA-87B1-219EDC133822}.Release|Mixed Platforms.Build.0 = Release|Any CPU
		{901D44DB-CCD8-46EA-87B1-219EDC133822}.Release|x86.ActiveCfg = Release|Any CPU
		{901D44DB-CCD8-46EA-87B1-219EDC133822}.Release|x86.Build.0 = Release|Any CPU
		{3B2180CD-2E47-4F17-AFE7-4B6286928B27}.Debug|Any CPU.ActiveCfg = Debug|Any CPU
		{3B2180CD-2E47-4F17-AFE7-4B6286928B27}.Debug|Any CPU.Build.0 = Debug|Any CPU
		{3B2180CD-2E47-4F17-AFE7-4B6286928B27}.Debug|Mixed Platforms.ActiveCfg = Debug|Any CPU
		{3B2180CD-2E47-4F17-AFE7-4B6286928B27}.Debug|Mixed Platforms.Build.0 = Debug|Any CPU
		{3B2180CD-2E47-4F17-AFE7-4B6286928B27}.Debug|x86.ActiveCfg = Debug|Any CPU
		{3B2180CD-2E47-4F17-AFE7-4B6286928B27}.Debug|x86.Build.0 = Debug|Any CPU
		{3B2180CD-2E47-4F17-AFE7-4B6286928B27}.Release|Any CPU.ActiveCfg = Release|Any CPU
		{3B2180CD-2E47-4F17-AFE7-4B6286928B27}.Release|Any CPU.Build.0 = Release|Any CPU
		{3B2180CD-2E47-4F17-AFE7-4B6286928B27}.Release|Mixed Platforms.ActiveCfg = Release|Any CPU
		{3B2180CD-2E47-4F17-AFE7-4B6286928B27}.Release|Mixed Platforms.Build.0 = Release|Any CPU
		{3B2180CD-2E47-4F17-AFE7-4B6286928B27}.Release|x86.ActiveCfg = Release|Any CPU
		{3B2180CD-2E47-4F17-AFE7-4B6286928B27}.Release|x86.Build.0 = Release|Any CPU
		{471146F1-072C-4A0F-A0E5-5057F6608153}.Debug|Any CPU.ActiveCfg = Debug|Any CPU
		{471146F1-072C-4A0F-A0E5-5057F6608153}.Debug|Any CPU.Build.0 = Debug|Any CPU
		{471146F1-072C-4A0F-A0E5-5057F6608153}.Debug|Mixed Platforms.ActiveCfg = Debug|Any CPU
		{471146F1-072C-4A0F-A0E5-5057F6608153}.Debug|Mixed Platforms.Build.0 = Debug|Any CPU
		{471146F1-072C-4A0F-A0E5-5057F6608153}.Debug|x86.ActiveCfg = Debug|Any CPU
		{471146F1-072C-4A0F-A0E5-5057F6608153}.Debug|x86.Build.0 = Debug|Any CPU
		{471146F1-072C-4A0F-A0E5-5057F6608153}.Release|Any CPU.ActiveCfg = Release|Any CPU
		{471146F1-072C-4A0F-A0E5-5057F6608153}.Release|Any CPU.Build.0 = Release|Any CPU
		{471146F1-072C-4A0F-A0E5-5057F6608153}.Release|Mixed Platforms.ActiveCfg = Release|Any CPU
		{471146F1-072C-4A0F-A0E5-5057F6608153}.Release|Mixed Platforms.Build.0 = Release|Any CPU
		{471146F1-072C-4A0F-A0E5-5057F6608153}.Release|x86.ActiveCfg = Release|Any CPU
		{471146F1-072C-4A0F-A0E5-5057F6608153}.Release|x86.Build.0 = Release|Any CPU
		{E2BBF31E-FFCB-4798-9A87-54190158D1A8}.Debug|Any CPU.ActiveCfg = Debug|Any CPU
		{E2BBF31E-FFCB-4798-9A87-54190158D1A8}.Debug|Any CPU.Build.0 = Debug|Any CPU
		{E2BBF31E-FFCB-4798-9A87-54190158D1A8}.Debug|Mixed Platforms.ActiveCfg = Debug|Any CPU
		{E2BBF31E-FFCB-4798-9A87-54190158D1A8}.Debug|Mixed Platforms.Build.0 = Debug|Any CPU
		{E2BBF31E-FFCB-4798-9A87-54190158D1A8}.Debug|x86.ActiveCfg = Debug|Any CPU
		{E2BBF31E-FFCB-4798-9A87-54190158D1A8}.Debug|x86.Build.0 = Debug|Any CPU
		{E2BBF31E-FFCB-4798-9A87-54190158D1A8}.Release|Any CPU.ActiveCfg = Release|Any CPU
		{E2BBF31E-FFCB-4798-9A87-54190158D1A8}.Release|Any CPU.Build.0 = Release|Any CPU
		{E2BBF31E-FFCB-4798-9A87-54190158D1A8}.Release|Mixed Platforms.ActiveCfg = Release|Any CPU
		{E2BBF31E-FFCB-4798-9A87-54190158D1A8}.Release|Mixed Platforms.Build.0 = Release|Any CPU
		{E2BBF31E-FFCB-4798-9A87-54190158D1A8}.Release|x86.ActiveCfg = Release|Any CPU
		{E2BBF31E-FFCB-4798-9A87-54190158D1A8}.Release|x86.Build.0 = Release|Any CPU
		{D0F33438-3C10-41D9-A0D8-4C9DE7D74CB5}.Debug|Any CPU.ActiveCfg = Debug|Any CPU
		{D0F33438-3C10-41D9-A0D8-4C9DE7D74CB5}.Debug|Any CPU.Build.0 = Debug|Any CPU
		{D0F33438-3C10-41D9-A0D8-4C9DE7D74CB5}.Debug|Mixed Platforms.ActiveCfg = Debug|Any CPU
		{D0F33438-3C10-41D9-A0D8-4C9DE7D74CB5}.Debug|Mixed Platforms.Build.0 = Debug|Any CPU
		{D0F33438-3C10-41D9-A0D8-4C9DE7D74CB5}.Debug|x86.ActiveCfg = Debug|Any CPU
		{D0F33438-3C10-41D9-A0D8-4C9DE7D74CB5}.Debug|x86.Build.0 = Debug|Any CPU
		{D0F33438-3C10-41D9-A0D8-4C9DE7D74CB5}.Release|Any CPU.ActiveCfg = Release|Any CPU
		{D0F33438-3C10-41D9-A0D8-4C9DE7D74CB5}.Release|Any CPU.Build.0 = Release|Any CPU
		{D0F33438-3C10-41D9-A0D8-4C9DE7D74CB5}.Release|Mixed Platforms.ActiveCfg = Release|Any CPU
		{D0F33438-3C10-41D9-A0D8-4C9DE7D74CB5}.Release|Mixed Platforms.Build.0 = Release|Any CPU
		{D0F33438-3C10-41D9-A0D8-4C9DE7D74CB5}.Release|x86.ActiveCfg = Release|Any CPU
		{D0F33438-3C10-41D9-A0D8-4C9DE7D74CB5}.Release|x86.Build.0 = Release|Any CPU
		{7F630690-834C-4865-8DFF-D8710F2EF3FB}.Debug|Any CPU.ActiveCfg = Debug|Any CPU
		{7F630690-834C-4865-8DFF-D8710F2EF3FB}.Debug|Any CPU.Build.0 = Debug|Any CPU
		{7F630690-834C-4865-8DFF-D8710F2EF3FB}.Debug|Mixed Platforms.ActiveCfg = Debug|Any CPU
		{7F630690-834C-4865-8DFF-D8710F2EF3FB}.Debug|Mixed Platforms.Build.0 = Debug|Any CPU
		{7F630690-834C-4865-8DFF-D8710F2EF3FB}.Debug|x86.ActiveCfg = Debug|Any CPU
		{7F630690-834C-4865-8DFF-D8710F2EF3FB}.Debug|x86.Build.0 = Debug|Any CPU
		{7F630690-834C-4865-8DFF-D8710F2EF3FB}.Release|Any CPU.ActiveCfg = Release|Any CPU
		{7F630690-834C-4865-8DFF-D8710F2EF3FB}.Release|Any CPU.Build.0 = Release|Any CPU
		{7F630690-834C-4865-8DFF-D8710F2EF3FB}.Release|Mixed Platforms.ActiveCfg = Release|Any CPU
		{7F630690-834C-4865-8DFF-D8710F2EF3FB}.Release|Mixed Platforms.Build.0 = Release|Any CPU
		{7F630690-834C-4865-8DFF-D8710F2EF3FB}.Release|x86.ActiveCfg = Release|Any CPU
		{7F630690-834C-4865-8DFF-D8710F2EF3FB}.Release|x86.Build.0 = Release|Any CPU
		{F237599E-FC81-4319-BCEB-C913FB5FB1B9}.Debug|Any CPU.ActiveCfg = Debug|Any CPU
		{F237599E-FC81-4319-BCEB-C913FB5FB1B9}.Debug|Any CPU.Build.0 = Debug|Any CPU
		{F237599E-FC81-4319-BCEB-C913FB5FB1B9}.Debug|Mixed Platforms.ActiveCfg = Debug|Any CPU
		{F237599E-FC81-4319-BCEB-C913FB5FB1B9}.Debug|Mixed Platforms.Build.0 = Debug|Any CPU
		{F237599E-FC81-4319-BCEB-C913FB5FB1B9}.Debug|x86.ActiveCfg = Debug|Any CPU
		{F237599E-FC81-4319-BCEB-C913FB5FB1B9}.Debug|x86.Build.0 = Debug|Any CPU
		{F237599E-FC81-4319-BCEB-C913FB5FB1B9}.Release|Any CPU.ActiveCfg = Release|Any CPU
		{F237599E-FC81-4319-BCEB-C913FB5FB1B9}.Release|Any CPU.Build.0 = Release|Any CPU
		{F237599E-FC81-4319-BCEB-C913FB5FB1B9}.Release|Mixed Platforms.ActiveCfg = Release|Any CPU
		{F237599E-FC81-4319-BCEB-C913FB5FB1B9}.Release|Mixed Platforms.Build.0 = Release|Any CPU
		{F237599E-FC81-4319-BCEB-C913FB5FB1B9}.Release|x86.ActiveCfg = Release|Any CPU
		{F237599E-FC81-4319-BCEB-C913FB5FB1B9}.Release|x86.Build.0 = Release|Any CPU
		{8EEF9891-574F-48E6-A408-3EADA3A5F083}.Debug|Any CPU.ActiveCfg = Debug|Any CPU
		{8EEF9891-574F-48E6-A408-3EADA3A5F083}.Debug|Any CPU.Build.0 = Debug|Any CPU
		{8EEF9891-574F-48E6-A408-3EADA3A5F083}.Debug|Mixed Platforms.ActiveCfg = Debug|Any CPU
		{8EEF9891-574F-48E6-A408-3EADA3A5F083}.Debug|Mixed Platforms.Build.0 = Debug|Any CPU
		{8EEF9891-574F-48E6-A408-3EADA3A5F083}.Debug|x86.ActiveCfg = Debug|Any CPU
		{8EEF9891-574F-48E6-A408-3EADA3A5F083}.Debug|x86.Build.0 = Debug|Any CPU
		{8EEF9891-574F-48E6-A408-3EADA3A5F083}.Release|Any CPU.ActiveCfg = Release|Any CPU
		{8EEF9891-574F-48E6-A408-3EADA3A5F083}.Release|Any CPU.Build.0 = Release|Any CPU
		{8EEF9891-574F-48E6-A408-3EADA3A5F083}.Release|Mixed Platforms.ActiveCfg = Release|Any CPU
		{8EEF9891-574F-48E6-A408-3EADA3A5F083}.Release|Mixed Platforms.Build.0 = Release|Any CPU
		{8EEF9891-574F-48E6-A408-3EADA3A5F083}.Release|x86.ActiveCfg = Release|Any CPU
		{8EEF9891-574F-48E6-A408-3EADA3A5F083}.Release|x86.Build.0 = Release|Any CPU
		{912EA482-0C82-41C6-8337-90C4BC59EA52}.Debug|Any CPU.ActiveCfg = Debug|Any CPU
		{912EA482-0C82-41C6-8337-90C4BC59EA52}.Debug|Any CPU.Build.0 = Debug|Any CPU
		{912EA482-0C82-41C6-8337-90C4BC59EA52}.Debug|Mixed Platforms.ActiveCfg = Debug|Any CPU
		{912EA482-0C82-41C6-8337-90C4BC59EA52}.Debug|Mixed Platforms.Build.0 = Debug|Any CPU
		{912EA482-0C82-41C6-8337-90C4BC59EA52}.Debug|x86.ActiveCfg = Debug|Any CPU
		{912EA482-0C82-41C6-8337-90C4BC59EA52}.Debug|x86.Build.0 = Debug|Any CPU
		{912EA482-0C82-41C6-8337-90C4BC59EA52}.Release|Any CPU.ActiveCfg = Release|Any CPU
		{912EA482-0C82-41C6-8337-90C4BC59EA52}.Release|Any CPU.Build.0 = Release|Any CPU
		{912EA482-0C82-41C6-8337-90C4BC59EA52}.Release|Mixed Platforms.ActiveCfg = Release|Any CPU
		{912EA482-0C82-41C6-8337-90C4BC59EA52}.Release|Mixed Platforms.Build.0 = Release|Any CPU
		{912EA482-0C82-41C6-8337-90C4BC59EA52}.Release|x86.ActiveCfg = Release|Any CPU
		{912EA482-0C82-41C6-8337-90C4BC59EA52}.Release|x86.Build.0 = Release|Any CPU
		{5F075035-18D0-45A0-9FBD-C97F56EC72A1}.Debug|Any CPU.ActiveCfg = Debug|Any CPU
		{5F075035-18D0-45A0-9FBD-C97F56EC72A1}.Debug|Any CPU.Build.0 = Debug|Any CPU
		{5F075035-18D0-45A0-9FBD-C97F56EC72A1}.Debug|Mixed Platforms.ActiveCfg = Debug|Any CPU
		{5F075035-18D0-45A0-9FBD-C97F56EC72A1}.Debug|Mixed Platforms.Build.0 = Debug|Any CPU
		{5F075035-18D0-45A0-9FBD-C97F56EC72A1}.Debug|x86.ActiveCfg = Debug|Any CPU
		{5F075035-18D0-45A0-9FBD-C97F56EC72A1}.Debug|x86.Build.0 = Debug|Any CPU
		{5F075035-18D0-45A0-9FBD-C97F56EC72A1}.Release|Any CPU.ActiveCfg = Release|Any CPU
		{5F075035-18D0-45A0-9FBD-C97F56EC72A1}.Release|Any CPU.Build.0 = Release|Any CPU
		{5F075035-18D0-45A0-9FBD-C97F56EC72A1}.Release|Mixed Platforms.ActiveCfg = Release|Any CPU
		{5F075035-18D0-45A0-9FBD-C97F56EC72A1}.Release|Mixed Platforms.Build.0 = Release|Any CPU
		{5F075035-18D0-45A0-9FBD-C97F56EC72A1}.Release|x86.ActiveCfg = Release|Any CPU
		{5F075035-18D0-45A0-9FBD-C97F56EC72A1}.Release|x86.Build.0 = Release|Any CPU
		{9CA1B577-5D43-4EC7-AB0A-9094B4CE0A13}.Debug|Any CPU.ActiveCfg = Debug|Any CPU
		{9CA1B577-5D43-4EC7-AB0A-9094B4CE0A13}.Debug|Any CPU.Build.0 = Debug|Any CPU
		{9CA1B577-5D43-4EC7-AB0A-9094B4CE0A13}.Debug|Mixed Platforms.ActiveCfg = Debug|Any CPU
		{9CA1B577-5D43-4EC7-AB0A-9094B4CE0A13}.Debug|Mixed Platforms.Build.0 = Debug|Any CPU
		{9CA1B577-5D43-4EC7-AB0A-9094B4CE0A13}.Debug|x86.ActiveCfg = Debug|Any CPU
		{9CA1B577-5D43-4EC7-AB0A-9094B4CE0A13}.Debug|x86.Build.0 = Debug|Any CPU
		{9CA1B577-5D43-4EC7-AB0A-9094B4CE0A13}.Release|Any CPU.ActiveCfg = Release|Any CPU
		{9CA1B577-5D43-4EC7-AB0A-9094B4CE0A13}.Release|Any CPU.Build.0 = Release|Any CPU
		{9CA1B577-5D43-4EC7-AB0A-9094B4CE0A13}.Release|Mixed Platforms.ActiveCfg = Release|Any CPU
		{9CA1B577-5D43-4EC7-AB0A-9094B4CE0A13}.Release|Mixed Platforms.Build.0 = Release|Any CPU
		{9CA1B577-5D43-4EC7-AB0A-9094B4CE0A13}.Release|x86.ActiveCfg = Release|Any CPU
		{9CA1B577-5D43-4EC7-AB0A-9094B4CE0A13}.Release|x86.Build.0 = Release|Any CPU
		{AF93309E-5C63-4BEF-AD7B-4036BA301233}.Debug|Any CPU.ActiveCfg = Debug|Any CPU
		{AF93309E-5C63-4BEF-AD7B-4036BA301233}.Debug|Any CPU.Build.0 = Debug|Any CPU
		{AF93309E-5C63-4BEF-AD7B-4036BA301233}.Debug|Mixed Platforms.ActiveCfg = Debug|Any CPU
		{AF93309E-5C63-4BEF-AD7B-4036BA301233}.Debug|Mixed Platforms.Build.0 = Debug|Any CPU
		{AF93309E-5C63-4BEF-AD7B-4036BA301233}.Debug|x86.ActiveCfg = Debug|Any CPU
		{AF93309E-5C63-4BEF-AD7B-4036BA301233}.Debug|x86.Build.0 = Debug|Any CPU
		{AF93309E-5C63-4BEF-AD7B-4036BA301233}.Release|Any CPU.ActiveCfg = Release|Any CPU
		{AF93309E-5C63-4BEF-AD7B-4036BA301233}.Release|Any CPU.Build.0 = Release|Any CPU
		{AF93309E-5C63-4BEF-AD7B-4036BA301233}.Release|Mixed Platforms.ActiveCfg = Release|Any CPU
		{AF93309E-5C63-4BEF-AD7B-4036BA301233}.Release|Mixed Platforms.Build.0 = Release|Any CPU
		{AF93309E-5C63-4BEF-AD7B-4036BA301233}.Release|x86.ActiveCfg = Release|Any CPU
		{AF93309E-5C63-4BEF-AD7B-4036BA301233}.Release|x86.Build.0 = Release|Any CPU
	EndGlobalSection
	GlobalSection(SolutionProperties) = preSolution
		HideSolutionNode = FALSE
	EndGlobalSection
	GlobalSection(NestedProjects) = preSolution
		{2410523F-3946-48F3-9F32-0BB7A7AD4CAE} = {FC1769FD-76F2-40B7-9FA3-AC3E2F24D8B2}
		{FE2C87C0-026C-437B-85EB-234F522AE186} = {FC1769FD-76F2-40B7-9FA3-AC3E2F24D8B2}
		{3AC5D1CF-B7B2-432E-9B7B-13ACF02045EB} = {FC1769FD-76F2-40B7-9FA3-AC3E2F24D8B2}
		{DB7A4BE2-CCA1-437A-9F1D-BEB6FF86B604} = {FC1769FD-76F2-40B7-9FA3-AC3E2F24D8B2}
		{2AACF39F-16B5-4568-9EBD-211D1447A02E} = {FC1769FD-76F2-40B7-9FA3-AC3E2F24D8B2}
		{901D44DB-CCD8-46EA-87B1-219EDC133822} = {FC1769FD-76F2-40B7-9FA3-AC3E2F24D8B2}
		{3B2180CD-2E47-4F17-AFE7-4B6286928B27} = {FC1769FD-76F2-40B7-9FA3-AC3E2F24D8B2}
		{471146F1-072C-4A0F-A0E5-5057F6608153} = {FC1769FD-76F2-40B7-9FA3-AC3E2F24D8B2}
		{E2BBF31E-FFCB-4798-9A87-54190158D1A8} = {FC1769FD-76F2-40B7-9FA3-AC3E2F24D8B2}
		{D0F33438-3C10-41D9-A0D8-4C9DE7D74CB5} = {FC1769FD-76F2-40B7-9FA3-AC3E2F24D8B2}
		{7F630690-834C-4865-8DFF-D8710F2EF3FB} = {FC1769FD-76F2-40B7-9FA3-AC3E2F24D8B2}
		{F237599E-FC81-4319-BCEB-C913FB5FB1B9} = {54C5B25A-2D9B-4189-8DFA-CFF39BFACE09}
		{8EEF9891-574F-48E6-A408-3EADA3A5F083} = {FC1769FD-76F2-40B7-9FA3-AC3E2F24D8B2}
		{912EA482-0C82-41C6-8337-90C4BC59EA52} = {54C5B25A-2D9B-4189-8DFA-CFF39BFACE09}
		{5F075035-18D0-45A0-9FBD-C97F56EC72A1} = {FC1769FD-76F2-40B7-9FA3-AC3E2F24D8B2}
		{9CA1B577-5D43-4EC7-AB0A-9094B4CE0A13} = {54C5B25A-2D9B-4189-8DFA-CFF39BFACE09}
		{AF93309E-5C63-4BEF-AD7B-4036BA301233} = {54C5B25A-2D9B-4189-8DFA-CFF39BFACE09}
	EndGlobalSection
	GlobalSection(ExtensibilityGlobals) = postSolution
		SolutionGuid = {82406A0F-880D-4913-8252-9A64EC0C4A3B}
	EndGlobalSection
EndGlobal
